// !$*UTF8*$!
{
	archiveVersion = 1;
	classes = {
	};
	objectVersion = 46;
	objects = {

/* Begin PBXBuildFile section */
		01163AFA197C68B300FBD423 /* ScorePageViewController.swift in Sources */ = {isa = PBXBuildFile; fileRef = 01163AF9197C68B300FBD423 /* ScorePageViewController.swift */; };
		01163AFC197D9F6D00FBD423 /* Hole.swift in Sources */ = {isa = PBXBuildFile; fileRef = 01163AFB197D9F6D00FBD423 /* Hole.swift */; };
		01163AFE197DA16F00FBD423 /* Course.swift in Sources */ = {isa = PBXBuildFile; fileRef = 01163AFD197DA16F00FBD423 /* Course.swift */; };
		01163B00197DA1DC00FBD423 /* CourseManager.swift in Sources */ = {isa = PBXBuildFile; fileRef = 01163AFF197DA1DC00FBD423 /* CourseManager.swift */; };
		011CCF5F197BEF7F0031EB86 /* AppDelegate.swift in Sources */ = {isa = PBXBuildFile; fileRef = 011CCF5E197BEF7F0031EB86 /* AppDelegate.swift */; };
		011CCF62197BEF7F0031EB86 /* myScore.xcdatamodeld in Sources */ = {isa = PBXBuildFile; fileRef = 011CCF60197BEF7F0031EB86 /* myScore.xcdatamodeld */; };
		011CCF64197BEF7F0031EB86 /* ScoreViewController.swift in Sources */ = {isa = PBXBuildFile; fileRef = 011CCF63197BEF7F0031EB86 /* ScoreViewController.swift */; };
		011CCF67197BEF7F0031EB86 /* Main.storyboard in Resources */ = {isa = PBXBuildFile; fileRef = 011CCF65197BEF7F0031EB86 /* Main.storyboard */; };
		011CCF69197BEF7F0031EB86 /* Images.xcassets in Resources */ = {isa = PBXBuildFile; fileRef = 011CCF68197BEF7F0031EB86 /* Images.xcassets */; };
		8F6CCEFB197ED43E00B94FB4 /* Score.swift in Sources */ = {isa = PBXBuildFile; fileRef = 8F6CCEFA197ED43E00B94FB4 /* Score.swift */; };
		8F6D1E111980DEF200D53EC7 /* Match.swift in Sources */ = {isa = PBXBuildFile; fileRef = 8F6D1E101980DEF200D53EC7 /* Match.swift */; };
		8F6D1E131981724900D53EC7 /* MatchTest.swift in Sources */ = {isa = PBXBuildFile; fileRef = 8F6D1E121981724900D53EC7 /* MatchTest.swift */; };
/* End PBXBuildFile section */

/* Begin PBXContainerItemProxy section */
		011CCF6F197BEF7F0031EB86 /* PBXContainerItemProxy */ = {
			isa = PBXContainerItemProxy;
			containerPortal = 011CCF51197BEF7E0031EB86 /* Project object */;
			proxyType = 1;
			remoteGlobalIDString = 011CCF58197BEF7F0031EB86;
			remoteInfo = myScore;
		};
		01BA1403198AC650009E4760 /* PBXContainerItemProxy */ = {
			isa = PBXContainerItemProxy;
			containerPortal = 011CCF51197BEF7E0031EB86 /* Project object */;
			proxyType = 1;
			remoteGlobalIDString = 011CCF58197BEF7F0031EB86;
			remoteInfo = myScore;
		};
		8F4DB9981988078F0004E016 /* PBXContainerItemProxy */ = {
			isa = PBXContainerItemProxy;
			containerPortal = 011CCF51197BEF7E0031EB86 /* Project object */;
			proxyType = 1;
			remoteGlobalIDString = 011CCF58197BEF7F0031EB86;
			remoteInfo = myScore;
		};
		8F6D1E1419817DA700D53EC7 /* PBXContainerItemProxy */ = {
			isa = PBXContainerItemProxy;
			containerPortal = 011CCF51197BEF7E0031EB86 /* Project object */;
			proxyType = 1;
			remoteGlobalIDString = 011CCF58197BEF7F0031EB86;
			remoteInfo = myScore;
		};
/* End PBXContainerItemProxy section */

/* Begin PBXFileReference section */
		01163AF9197C68B300FBD423 /* ScorePageViewController.swift */ = {isa = PBXFileReference; fileEncoding = 4; lastKnownFileType = sourcecode.swift; path = ScorePageViewController.swift; sourceTree = "<group>"; };
		01163AFB197D9F6D00FBD423 /* Hole.swift */ = {isa = PBXFileReference; fileEncoding = 4; lastKnownFileType = sourcecode.swift; path = Hole.swift; sourceTree = "<group>"; };
		01163AFD197DA16F00FBD423 /* Course.swift */ = {isa = PBXFileReference; fileEncoding = 4; lastKnownFileType = sourcecode.swift; path = Course.swift; sourceTree = "<group>"; };
		01163AFF197DA1DC00FBD423 /* CourseManager.swift */ = {isa = PBXFileReference; fileEncoding = 4; lastKnownFileType = sourcecode.swift; path = CourseManager.swift; sourceTree = "<group>"; };
		011CCF59197BEF7F0031EB86 /* myScore.app */ = {isa = PBXFileReference; explicitFileType = wrapper.application; includeInIndex = 0; path = myScore.app; sourceTree = BUILT_PRODUCTS_DIR; };
		011CCF5D197BEF7F0031EB86 /* Info.plist */ = {isa = PBXFileReference; lastKnownFileType = text.plist.xml; path = Info.plist; sourceTree = "<group>"; };
		011CCF5E197BEF7F0031EB86 /* AppDelegate.swift */ = {isa = PBXFileReference; lastKnownFileType = sourcecode.swift; path = AppDelegate.swift; sourceTree = "<group>"; };
		011CCF61197BEF7F0031EB86 /* myScore.xcdatamodel */ = {isa = PBXFileReference; lastKnownFileType = wrapper.xcdatamodel; path = myScore.xcdatamodel; sourceTree = "<group>"; };
		011CCF63197BEF7F0031EB86 /* ScoreViewController.swift */ = {isa = PBXFileReference; lastKnownFileType = sourcecode.swift; path = ScoreViewController.swift; sourceTree = "<group>"; };
		011CCF66197BEF7F0031EB86 /* Base */ = {isa = PBXFileReference; lastKnownFileType = file.storyboard; name = Base; path = Base.lproj/Main.storyboard; sourceTree = "<group>"; };
		011CCF68197BEF7F0031EB86 /* Images.xcassets */ = {isa = PBXFileReference; lastKnownFileType = folder.assetcatalog; path = Images.xcassets; sourceTree = "<group>"; };
		011CCF6E197BEF7F0031EB86 /* myScoreTests.xctest */ = {isa = PBXFileReference; explicitFileType = wrapper.cfbundle; includeInIndex = 0; path = myScoreTests.xctest; sourceTree = BUILT_PRODUCTS_DIR; };
		011CCF73197BEF7F0031EB86 /* Info.plist */ = {isa = PBXFileReference; lastKnownFileType = text.plist.xml; path = Info.plist; sourceTree = "<group>"; };
		8F6CCEFA197ED43E00B94FB4 /* Score.swift */ = {isa = PBXFileReference; fileEncoding = 4; lastKnownFileType = sourcecode.swift; path = Score.swift; sourceTree = "<group>"; };
		8F6D1E101980DEF200D53EC7 /* Match.swift */ = {isa = PBXFileReference; fileEncoding = 4; lastKnownFileType = sourcecode.swift; path = Match.swift; sourceTree = "<group>"; };
		8F6D1E121981724900D53EC7 /* MatchTest.swift */ = {isa = PBXFileReference; fileEncoding = 4; lastKnownFileType = sourcecode.swift; path = MatchTest.swift; sourceTree = "<group>"; };
/* End PBXFileReference section */

/* Begin PBXFrameworksBuildPhase section */
		011CCF56197BEF7F0031EB86 /* Frameworks */ = {
			isa = PBXFrameworksBuildPhase;
			buildActionMask = 2147483647;
			files = (
			);
			runOnlyForDeploymentPostprocessing = 0;
		};
		011CCF6B197BEF7F0031EB86 /* Frameworks */ = {
			isa = PBXFrameworksBuildPhase;
			buildActionMask = 2147483647;
			files = (
			);
			runOnlyForDeploymentPostprocessing = 0;
		};
/* End PBXFrameworksBuildPhase section */

/* Begin PBXGroup section */
		01163B01197DA7B500FBD423 /* Model */ = {
			isa = PBXGroup;
			children = (
				01163AFB197D9F6D00FBD423 /* Hole.swift */,
				01163AFD197DA16F00FBD423 /* Course.swift */,
				8F6CCEFA197ED43E00B94FB4 /* Score.swift */,
				8F6D1E101980DEF200D53EC7 /* Match.swift */,
			);
			name = Model;
			sourceTree = "<group>";
		};
		011CCF50197BEF7E0031EB86 = {
			isa = PBXGroup;
			children = (
				011CCF5B197BEF7F0031EB86 /* myScore */,
				011CCF71197BEF7F0031EB86 /* myScoreTests */,
				011CCF5A197BEF7F0031EB86 /* Products */,
			);
			sourceTree = "<group>";
		};
		011CCF5A197BEF7F0031EB86 /* Products */ = {
			isa = PBXGroup;
			children = (
				011CCF59197BEF7F0031EB86 /* myScore.app */,
				011CCF6E197BEF7F0031EB86 /* myScoreTests.xctest */,
			);
			name = Products;
			sourceTree = "<group>";
		};
		011CCF5B197BEF7F0031EB86 /* myScore */ = {
			isa = PBXGroup;
			children = (
				011CCF5E197BEF7F0031EB86 /* AppDelegate.swift */,
				01163AF9197C68B300FBD423 /* ScorePageViewController.swift */,
				011CCF63197BEF7F0031EB86 /* ScoreViewController.swift */,
				011CCF65197BEF7F0031EB86 /* Main.storyboard */,
				011CCF68197BEF7F0031EB86 /* Images.xcassets */,
				011CCF60197BEF7F0031EB86 /* myScore.xcdatamodeld */,
				011CCF5C197BEF7F0031EB86 /* Supporting Files */,
				01163B01197DA7B500FBD423 /* Model */,
				01163AFF197DA1DC00FBD423 /* CourseManager.swift */,
			);
			path = myScore;
			sourceTree = "<group>";
		};
		011CCF5C197BEF7F0031EB86 /* Supporting Files */ = {
			isa = PBXGroup;
			children = (
				011CCF5D197BEF7F0031EB86 /* Info.plist */,
			);
			name = "Supporting Files";
			sourceTree = "<group>";
		};
		011CCF71197BEF7F0031EB86 /* myScoreTests */ = {
			isa = PBXGroup;
			children = (
				8F6D1E121981724900D53EC7 /* MatchTest.swift */,
				011CCF72197BEF7F0031EB86 /* Supporting Files */,
			);
			path = myScoreTests;
			sourceTree = "<group>";
		};
		011CCF72197BEF7F0031EB86 /* Supporting Files */ = {
			isa = PBXGroup;
			children = (
				011CCF73197BEF7F0031EB86 /* Info.plist */,
			);
			name = "Supporting Files";
			sourceTree = "<group>";
		};
/* End PBXGroup section */

/* Begin PBXNativeTarget section */
		011CCF58197BEF7F0031EB86 /* myScore */ = {
			isa = PBXNativeTarget;
			buildConfigurationList = 011CCF78197BEF7F0031EB86 /* Build configuration list for PBXNativeTarget "myScore" */;
			buildPhases = (
				011CCF55197BEF7F0031EB86 /* Sources */,
				011CCF56197BEF7F0031EB86 /* Frameworks */,
				011CCF57197BEF7F0031EB86 /* Resources */,
			);
			buildRules = (
			);
			dependencies = (
			);
			name = myScore;
			productName = myScore;
			productReference = 011CCF59197BEF7F0031EB86 /* myScore.app */;
			productType = "com.apple.product-type.application";
		};
		011CCF6D197BEF7F0031EB86 /* myScoreTests */ = {
			isa = PBXNativeTarget;
			buildConfigurationList = 011CCF7B197BEF7F0031EB86 /* Build configuration list for PBXNativeTarget "myScoreTests" */;
			buildPhases = (
				011CCF6A197BEF7F0031EB86 /* Sources */,
				011CCF6B197BEF7F0031EB86 /* Frameworks */,
				011CCF6C197BEF7F0031EB86 /* Resources */,
			);
			buildRules = (
			);
			dependencies = (
				011CCF70197BEF7F0031EB86 /* PBXTargetDependency */,
				8F6D1E1519817DA700D53EC7 /* PBXTargetDependency */,
				8F4DB9991988078F0004E016 /* PBXTargetDependency */,
				01BA1404198AC650009E4760 /* PBXTargetDependency */,
			);
			name = myScoreTests;
			productName = myScoreTests;
			productReference = 011CCF6E197BEF7F0031EB86 /* myScoreTests.xctest */;
			productType = "com.apple.product-type.bundle.unit-test";
		};
/* End PBXNativeTarget section */

/* Begin PBXProject section */
		011CCF51197BEF7E0031EB86 /* Project object */ = {
			isa = PBXProject;
			attributes = {
				LastUpgradeCheck = 0600;
				ORGANIZATIONNAME = "Frank von Eitzen";
				TargetAttributes = {
					011CCF58197BEF7F0031EB86 = {
						CreatedOnToolsVersion = 6.0;
						DevelopmentTeam = 5BXU55238Z;
					};
					011CCF6D197BEF7F0031EB86 = {
						CreatedOnToolsVersion = 6.0;
						TestTargetID = 011CCF58197BEF7F0031EB86;
					};
				};
			};
			buildConfigurationList = 011CCF54197BEF7E0031EB86 /* Build configuration list for PBXProject "myScore" */;
			compatibilityVersion = "Xcode 3.2";
			developmentRegion = English;
			hasScannedForEncodings = 0;
			knownRegions = (
				en,
				Base,
			);
			mainGroup = 011CCF50197BEF7E0031EB86;
			productRefGroup = 011CCF5A197BEF7F0031EB86 /* Products */;
			projectDirPath = "";
			projectRoot = "";
			targets = (
				011CCF58197BEF7F0031EB86 /* myScore */,
				011CCF6D197BEF7F0031EB86 /* myScoreTests */,
			);
		};
/* End PBXProject section */

/* Begin PBXResourcesBuildPhase section */
		011CCF57197BEF7F0031EB86 /* Resources */ = {
			isa = PBXResourcesBuildPhase;
			buildActionMask = 2147483647;
			files = (
				011CCF67197BEF7F0031EB86 /* Main.storyboard in Resources */,
				011CCF69197BEF7F0031EB86 /* Images.xcassets in Resources */,
			);
			runOnlyForDeploymentPostprocessing = 0;
		};
		011CCF6C197BEF7F0031EB86 /* Resources */ = {
			isa = PBXResourcesBuildPhase;
			buildActionMask = 2147483647;
			files = (
			);
			runOnlyForDeploymentPostprocessing = 0;
		};
/* End PBXResourcesBuildPhase section */

/* Begin PBXSourcesBuildPhase section */
		011CCF55197BEF7F0031EB86 /* Sources */ = {
			isa = PBXSourcesBuildPhase;
			buildActionMask = 2147483647;
			files = (
				01163AFE197DA16F00FBD423 /* Course.swift in Sources */,
				011CCF64197BEF7F0031EB86 /* ScoreViewController.swift in Sources */,
				8F6D1E111980DEF200D53EC7 /* Match.swift in Sources */,
				01163AFA197C68B300FBD423 /* ScorePageViewController.swift in Sources */,
				01163AFC197D9F6D00FBD423 /* Hole.swift in Sources */,
				01163B00197DA1DC00FBD423 /* CourseManager.swift in Sources */,
				011CCF62197BEF7F0031EB86 /* myScore.xcdatamodeld in Sources */,
				8F6CCEFB197ED43E00B94FB4 /* Score.swift in Sources */,
				011CCF5F197BEF7F0031EB86 /* AppDelegate.swift in Sources */,
			);
			runOnlyForDeploymentPostprocessing = 0;
		};
		011CCF6A197BEF7F0031EB86 /* Sources */ = {
			isa = PBXSourcesBuildPhase;
			buildActionMask = 2147483647;
			files = (
				8F6D1E131981724900D53EC7 /* MatchTest.swift in Sources */,
			);
			runOnlyForDeploymentPostprocessing = 0;
		};
/* End PBXSourcesBuildPhase section */

/* Begin PBXTargetDependency section */
		011CCF70197BEF7F0031EB86 /* PBXTargetDependency */ = {
			isa = PBXTargetDependency;
			target = 011CCF58197BEF7F0031EB86 /* myScore */;
			targetProxy = 011CCF6F197BEF7F0031EB86 /* PBXContainerItemProxy */;
		};
		01BA1404198AC650009E4760 /* PBXTargetDependency */ = {
			isa = PBXTargetDependency;
			target = 011CCF58197BEF7F0031EB86 /* myScore */;
			targetProxy = 01BA1403198AC650009E4760 /* PBXContainerItemProxy */;
		};
		8F4DB9991988078F0004E016 /* PBXTargetDependency */ = {
			isa = PBXTargetDependency;
			target = 011CCF58197BEF7F0031EB86 /* myScore */;
			targetProxy = 8F4DB9981988078F0004E016 /* PBXContainerItemProxy */;
		};
		8F6D1E1519817DA700D53EC7 /* PBXTargetDependency */ = {
			isa = PBXTargetDependency;
			target = 011CCF58197BEF7F0031EB86 /* myScore */;
			targetProxy = 8F6D1E1419817DA700D53EC7 /* PBXContainerItemProxy */;
		};
/* End PBXTargetDependency section */

/* Begin PBXVariantGroup section */
		011CCF65197BEF7F0031EB86 /* Main.storyboard */ = {
			isa = PBXVariantGroup;
			children = (
				011CCF66197BEF7F0031EB86 /* Base */,
			);
			name = Main.storyboard;
			sourceTree = "<group>";
		};
/* End PBXVariantGroup section */

/* Begin XCBuildConfiguration section */
		011CCF76197BEF7F0031EB86 /* Debug */ = {
			isa = XCBuildConfiguration;
			buildSettings = {
				ALWAYS_SEARCH_USER_PATHS = NO;
				CLANG_CXX_LANGUAGE_STANDARD = "gnu++0x";
				CLANG_CXX_LIBRARY = "libc++";
				CLANG_ENABLE_MODULES = YES;
				CLANG_ENABLE_OBJC_ARC = YES;
				CLANG_WARN_BOOL_CONVERSION = YES;
				CLANG_WARN_CONSTANT_CONVERSION = YES;
				CLANG_WARN_DIRECT_OBJC_ISA_USAGE = YES_ERROR;
				CLANG_WARN_EMPTY_BODY = YES;
				CLANG_WARN_ENUM_CONVERSION = YES;
				CLANG_WARN_INT_CONVERSION = YES;
				CLANG_WARN_OBJC_ROOT_CLASS = YES_ERROR;
				CLANG_WARN_UNREACHABLE_CODE = YES;
				CLANG_WARN__DUPLICATE_METHOD_MATCH = YES;
				"CODE_SIGN_IDENTITY[sdk=iphoneos*]" = "iPhone Developer";
				COPY_PHASE_STRIP = NO;
				ENABLE_STRICT_OBJC_MSGSEND = YES;
				GCC_C_LANGUAGE_STANDARD = gnu99;
				GCC_DYNAMIC_NO_PIC = NO;
				GCC_OPTIMIZATION_LEVEL = 0;
				GCC_PREPROCESSOR_DEFINITIONS = (
					"DEBUG=1",
					"$(inherited)",
				);
				GCC_SYMBOLS_PRIVATE_EXTERN = NO;
				GCC_WARN_64_TO_32_BIT_CONVERSION = YES;
				GCC_WARN_ABOUT_RETURN_TYPE = YES_ERROR;
				GCC_WARN_UNDECLARED_SELECTOR = YES;
				GCC_WARN_UNINITIALIZED_AUTOS = YES_AGGRESSIVE;
				GCC_WARN_UNUSED_FUNCTION = YES;
				GCC_WARN_UNUSED_VARIABLE = YES;
				IPHONEOS_DEPLOYMENT_TARGET = 8.0;
				MTL_ENABLE_DEBUG_INFO = YES;
				ONLY_ACTIVE_ARCH = YES;
				SDKROOT = iphoneos;
				SWIFT_OPTIMIZATION_LEVEL = "-Onone";
			};
			name = Debug;
		};
		011CCF77197BEF7F0031EB86 /* Release */ = {
			isa = XCBuildConfiguration;
			buildSettings = {
				ALWAYS_SEARCH_USER_PATHS = NO;
				CLANG_CXX_LANGUAGE_STANDARD = "gnu++0x";
				CLANG_CXX_LIBRARY = "libc++";
				CLANG_ENABLE_MODULES = YES;
				CLANG_ENABLE_OBJC_ARC = YES;
				CLANG_WARN_BOOL_CONVERSION = YES;
				CLANG_WARN_CONSTANT_CONVERSION = YES;
				CLANG_WARN_DIRECT_OBJC_ISA_USAGE = YES_ERROR;
				CLANG_WARN_EMPTY_BODY = YES;
				CLANG_WARN_ENUM_CONVERSION = YES;
				CLANG_WARN_INT_CONVERSION = YES;
				CLANG_WARN_OBJC_ROOT_CLASS = YES_ERROR;
				CLANG_WARN_UNREACHABLE_CODE = YES;
				CLANG_WARN__DUPLICATE_METHOD_MATCH = YES;
				"CODE_SIGN_IDENTITY[sdk=iphoneos*]" = "iPhone Developer";
				COPY_PHASE_STRIP = YES;
				ENABLE_NS_ASSERTIONS = NO;
				ENABLE_STRICT_OBJC_MSGSEND = YES;
				GCC_C_LANGUAGE_STANDARD = gnu99;
				GCC_WARN_64_TO_32_BIT_CONVERSION = YES;
				GCC_WARN_ABOUT_RETURN_TYPE = YES_ERROR;
				GCC_WARN_UNDECLARED_SELECTOR = YES;
				GCC_WARN_UNINITIALIZED_AUTOS = YES_AGGRESSIVE;
				GCC_WARN_UNUSED_FUNCTION = YES;
				GCC_WARN_UNUSED_VARIABLE = YES;
				IPHONEOS_DEPLOYMENT_TARGET = 8.0;
				MTL_ENABLE_DEBUG_INFO = NO;
				SDKROOT = iphoneos;
				VALIDATE_PRODUCT = YES;
			};
			name = Release;
		};
		011CCF79197BEF7F0031EB86 /* Debug */ = {
			isa = XCBuildConfiguration;
			buildSettings = {
				ASSETCATALOG_COMPILER_APPICON_NAME = AppIcon;
				ASSETCATALOG_COMPILER_LAUNCHIMAGE_NAME = LaunchImage;
				CODE_SIGN_IDENTITY = "iPhone Developer";
				INFOPLIST_FILE = myScore/Info.plist;
				LD_RUNPATH_SEARCH_PATHS = "$(inherited) @executable_path/Frameworks";
				PRODUCT_NAME = "$(TARGET_NAME)";
			};
			name = Debug;
		};
		011CCF7A197BEF7F0031EB86 /* Release */ = {
			isa = XCBuildConfiguration;
			buildSettings = {
				ASSETCATALOG_COMPILER_APPICON_NAME = AppIcon;
				ASSETCATALOG_COMPILER_LAUNCHIMAGE_NAME = LaunchImage;
				CODE_SIGN_IDENTITY = "iPhone Developer";
				INFOPLIST_FILE = myScore/Info.plist;
				LD_RUNPATH_SEARCH_PATHS = "$(inherited) @executable_path/Frameworks";
				PRODUCT_NAME = "$(TARGET_NAME)";
			};
			name = Release;
		};
		011CCF7C197BEF7F0031EB86 /* Debug */ = {
			isa = XCBuildConfiguration;
			buildSettings = {
				BUNDLE_LOADER = "$(BUILT_PRODUCTS_DIR)/myScore.app/myScore";
				FRAMEWORK_SEARCH_PATHS = (
					"$(SDKROOT)/Developer/Library/Frameworks",
					"$(inherited)",
				);
				GCC_PREPROCESSOR_DEFINITIONS = (
					"DEBUG=1",
					"$(inherited)",
				);
				INFOPLIST_FILE = myScoreTests/Info.plist;
				LD_RUNPATH_SEARCH_PATHS = "$(inherited) @executable_path/Frameworks @loader_path/Frameworks";
				PRODUCT_NAME = "$(TARGET_NAME)";
				TEST_HOST = "$(BUNDLE_LOADER)";
			};
			name = Debug;
		};
		011CCF7D197BEF7F0031EB86 /* Release */ = {
			isa = XCBuildConfiguration;
			buildSettings = {
				BUNDLE_LOADER = "$(BUILT_PRODUCTS_DIR)/myScore.app/myScore";
				FRAMEWORK_SEARCH_PATHS = (
					"$(SDKROOT)/Developer/Library/Frameworks",
					"$(inherited)",
				);
				INFOPLIST_FILE = myScoreTests/Info.plist;
				LD_RUNPATH_SEARCH_PATHS = "$(inherited) @executable_path/Frameworks @loader_path/Frameworks";
				PRODUCT_NAME = "$(TARGET_NAME)";
				TEST_HOST = "$(BUNDLE_LOADER)";
			};
			name = Release;
		};
/* End XCBuildConfiguration section */

/* Begin XCConfigurationList section */
		011CCF54197BEF7E0031EB86 /* Build configuration list for PBXProject "myScore" */ = {
			isa = XCConfigurationList;
			buildConfigurations = (
				011CCF76197BEF7F0031EB86 /* Debug */,
				011CCF77197BEF7F0031EB86 /* Release */,
			);
			defaultConfigurationIsVisible = 0;
			defaultConfigurationName = Release;
		};
		011CCF78197BEF7F0031EB86 /* Build configuration list for PBXNativeTarget "myScore" */ = {
			isa = XCConfigurationList;
			buildConfigurations = (
				011CCF79197BEF7F0031EB86 /* Debug */,
				011CCF7A197BEF7F0031EB86 /* Release */,
			);
			defaultConfigurationIsVisible = 0;
			defaultConfigurationName = Release;
		};
		011CCF7B197BEF7F0031EB86 /* Build configuration list for PBXNativeTarget "myScoreTests" */ = {
			isa = XCConfigurationList;
			buildConfigurations = (
				011CCF7C197BEF7F0031EB86 /* Debug */,
				011CCF7D197BEF7F0031EB86 /* Release */,
			);
			defaultConfigurationIsVisible = 0;
			defaultConfigurationName = Release;
		};
/* End XCConfigurationList section */

/* Begin XCVersionGroup section */
		011CCF60197BEF7F0031EB86 /* myScore.xcdatamodeld */ = {
			isa = XCVersionGroup;
			children = (
				011CCF61197BEF7F0031EB86 /* myScore.xcdatamodel */,
			);
			currentVersion = 011CCF61197BEF7F0031EB86 /* myScore.xcdatamodel */;
			path = myScore.xcdatamodeld;
			sourceTree = "<group>";
			versionGroupType = wrapper.xcdatamodel;
		};
/* End XCVersionGroup section */
	};
	rootObject = 011CCF51197BEF7E0031EB86 /* Project object */;
}
